{
  "name": "rescript-effect",
  "version": "1.0.6",
  "lockfileVersion": 3,
  "requires": true,
  "packages": {
    "": {
      "name": "rescript-effect",
      "version": "1.0.6",
      "dependencies": {
        "@rescript/core": "1.5.2",
        "rescript": "11.1.4",
        "rescript-schema": "8.2.0"
      }
    },
    "node_modules/@rescript/core": {
      "version": "1.5.2",
      "resolved": "https://registry.npmjs.org/@rescript/core/-/core-1.5.2.tgz",
      "integrity": "sha512-VWRFHrQu8hWnd9Y9LYZ8kig2urybhZlDVGy5u50bqf2WCRAeysBIfxK8eN4VlpQT38igMo0/uLX1KSpwCVMYGw==",
      "peerDependencies": {
        "rescript": "^11.1.0-rc.7"
      }
    },
    "node_modules/rescript": {
      "version": "11.1.4",
      "resolved": "https://registry.npmjs.org/rescript/-/rescript-11.1.4.tgz",
      "integrity": "sha512-0bGU0bocihjSC6MsE3TMjHjY0EUpchyrREquLS8VsZ3ohSMD+VHUEwimEfB3kpBI1vYkw3UFZ3WD8R28guz/Vw==",
      "hasInstallScript": true,
      "bin": {
        "bsc": "bsc",
        "bstracing": "lib/bstracing",
        "rescript": "rescript"
      },
      "engines": {
        "node": ">=10"
      }
    },
    "node_modules/rescript-schema": {
      "version": "8.2.0",
      "resolved": "https://registry.npmjs.org/rescript-schema/-/rescript-schema-8.2.0.tgz",
      "integrity": "sha512-pfRNB9kvafUYe+RgvsExiazJioi/iV8gmjK3xOw/jeSgPIIDoVhflnmpoz+vuiwlulYkNT/7u2+2EsCrph7QKA==",
      "peerDependencies": {
        "rescript": "11.x"
      }
    }
  }
}
